
Microsoft Visual Studio Solution File, Format Version 12.00
# Visual Studio Version 17
VisualStudioVersion = 17.2.32526.322
MinimumVisualStudioVersion = 10.0.40219.1
Project("{FAE04EC0-301F-11D3-BF4B-00C04F79EFBC}") = "Task1", "Sirius1gr\Task1.csproj", "{4C8DDD48-91EC-4691-BD01-8140C2F30542}"
EndProject
Project("{FAE04EC0-301F-11D3-BF4B-00C04F79EFBC}") = "Task2", "Task2\Task2.csproj", "{FBA5A8C4-0629-4395-8FB1-15CFA5DCAF87}"
EndProject
Project("{FAE04EC0-301F-11D3-BF4B-00C04F79EFBC}") = "Task3", "Task3\Task3.csproj", "{389FF8F1-E092-4499-B558-82A6A645E1C8}"
EndProject
Project("{FAE04EC0-301F-11D3-BF4B-00C04F79EFBC}") = "Task4", "Task4\Task4.csproj", "{5F6EFB3F-A3CF-4E41-8144-D79898B113C4}"
EndProject
Project("{FAE04EC0-301F-11D3-BF4B-00C04F79EFBC}") = "Task5", "Task5\Task5.csproj", "{FBF0F6B9-167C-4E52-A1A2-26FBAEF85990}"
EndProject
Global
	GlobalSection(SolutionConfigurationPlatforms) = preSolution
		Debug|Any CPU = Debug|Any CPU
		Release|Any CPU = Release|Any CPU
	EndGlobalSection
	GlobalSection(ProjectConfigurationPlatforms) = postSolution
		{4C8DDD48-91EC-4691-BD01-8140C2F30542}.Debug|Any CPU.ActiveCfg = Debug|Any CPU
		{4C8DDD48-91EC-4691-BD01-8140C2F30542}.Debug|Any CPU.Build.0 = Debug|Any CPU
		{4C8DDD48-91EC-4691-BD01-8140C2F30542}.Release|Any CPU.ActiveCfg = Release|Any CPU
		{4C8DDD48-91EC-4691-BD01-8140C2F30542}.Release|Any CPU.Build.0 = Release|Any CPU
		{FBA5A8C4-0629-4395-8FB1-15CFA5DCAF87}.Debug|Any CPU.ActiveCfg = Debug|Any CPU
		{FBA5A8C4-0629-4395-8FB1-15CFA5DCAF87}.Debug|Any CPU.Build.0 = Debug|Any CPU
		{FBA5A8C4-0629-4395-8FB1-15CFA5DCAF87}.Release|Any CPU.ActiveCfg = Release|Any CPU
		{FBA5A8C4-0629-4395-8FB1-15CFA5DCAF87}.Release|Any CPU.Build.0 = Release|Any CPU
		{389FF8F1-E092-4499-B558-82A6A645E1C8}.Debug|Any CPU.ActiveCfg = Debug|Any CPU
		{389FF8F1-E092-4499-B558-82A6A645E1C8}.Debug|Any CPU.Build.0 = Debug|Any CPU
		{389FF8F1-E092-4499-B558-82A6A645E1C8}.Release|Any CPU.ActiveCfg = Release|Any CPU
		{389FF8F1-E092-4499-B558-82A6A645E1C8}.Release|Any CPU.Build.0 = Release|Any CPU
		{5F6EFB3F-A3CF-4E41-8144-D79898B113C4}.Debug|Any CPU.ActiveCfg = Debug|Any CPU
		{5F6EFB3F-A3CF-4E41-8144-D79898B113C4}.Debug|Any CPU.Build.0 = Debug|Any CPU
		{5F6EFB3F-A3CF-4E41-8144-D79898B113C4}.Release|Any CPU.ActiveCfg = Release|Any CPU
		{5F6EFB3F-A3CF-4E41-8144-D79898B113C4}.Release|Any CPU.Build.0 = Release|Any CPU
		{FBF0F6B9-167C-4E52-A1A2-26FBAEF85990}.Debug|Any CPU.ActiveCfg = Debug|Any CPU
		{FBF0F6B9-167C-4E52-A1A2-26FBAEF85990}.Debug|Any CPU.Build.0 = Debug|Any CPU
		{FBF0F6B9-167C-4E52-A1A2-26FBAEF85990}.Release|Any CPU.ActiveCfg = Release|Any CPU
		{FBF0F6B9-167C-4E52-A1A2-26FBAEF85990}.Release|Any CPU.Build.0 = Release|Any CPU
	EndGlobalSection
	GlobalSection(SolutionProperties) = preSolution
		HideSolutionNode = FALSE
	EndGlobalSection
	GlobalSection(ExtensibilityGlobals) = postSolution
		SolutionGuid = {BBA27109-9131-4390-A3C5-560BB0CC7FF9}
	EndGlobalSection
EndGlobal
